
Microsoft Visual Studio Solution File, Format Version 12.00
# Visual Studio Version 16
VisualStudioVersion = 16.0.31613.86
MinimumVisualStudioVersion = 10.0.40219.1
Project("{FAE04EC0-301F-11D3-BF4B-00C04F79EFBC}") = "UVTextureReverser", "UVTextureReverser\UVTextureReverser.csproj", "{E10D9F7F-9977-4449-BA8F-4CE2BC463B4B}"
EndProject
Global
	GlobalSection(SolutionConfigurationPlatforms) = preSolution
		Debug|Any CPU = Debug|Any CPU
		Release|Any CPU = Release|Any CPU
	EndGlobalSection
	GlobalSection(ProjectConfigurationPlatforms) = postSolution
		{E10D9F7F-9977-4449-BA8F-4CE2BC463B4B}.Debug|Any CPU.ActiveCfg = Debug|Any CPU
		{E10D9F7F-9977-4449-BA8F-4CE2BC463B4B}.Debug|Any CPU.Build.0 = Debug|Any CPU
		{E10D9F7F-9977-4449-BA8F-4CE2BC463B4B}.Release|Any CPU.ActiveCfg = Release|Any CPU
		{E10D9F7F-9977-4449-BA8F-4CE2BC463B4B}.Release|Any CPU.Build.0 = Release|Any CPU
	EndGlobalSection
	GlobalSection(SolutionProperties) = preSolution
		HideSolutionNode = FALSE
	EndGlobalSection
	GlobalSection(ExtensibilityGlobals) = postSolution
		SolutionGuid = {CB881943-3C6E-4A40-AB89-85A4A4B98EEC}
	EndGlobalSection
EndGlobal
